<Solution>
  <Project Path="RightWaySqlFormatter/RightWaySqlFormatter.csproj" />
  <Project Path="RightWaySqlFormatter.CmdLine/RightWaySqlFormatter.CmdLine.csproj" />
  <Folder Name="/Tests/">
    <Project Path="RightWaySqlFormatter.Tests/RightWaySqlFormatter.Tests.csproj" />
  </Folder>
</Solution>
